{
  "requires": true,
  "lockfileVersion": 1,
  "dependencies": {
    "@maxim_mazurok/gapi.client.gmail": {
      "version": "1.0.20210830",
      "resolved": "https://registry.npmjs.org/@maxim_mazurok/gapi.client.gmail/-/gapi.client.gmail-1.0.20210830.tgz",
      "integrity": "sha512-rmsE665vAm63xGf0CLLYuloX6a5P+ZIbXbIq1Twfxs8NHtQW3aYO9U1Aeyym1PuvImhfL4AWaOfXw09HMzVJDA==",
      "requires": {
        "@types/gapi.client": "*"
      }
    },
    "@types/gapi": {
      "version": "0.0.41",
      "resolved": "https://registry.npmjs.org/@types/gapi/-/gapi-0.0.41.tgz",
      "integrity": "sha512-tmHO66z/f91JZCDqinj/nNvQEszsz/hBT4+MvCSKT5sDzl5Ld/oXZ8WaecCBjRLw2uWKUInUHM9MhEXWkOiNjw=="
    },
    "@types/gapi.auth2": {
      "version": "0.0.55",
      "resolved": "https://registry.npmjs.org/@types/gapi.auth2/-/gapi.auth2-0.0.55.tgz",
      "integrity": "sha512-chmROsbo28jI5or0aRP8X3aBuWkq8jJHj75al/C0BhI/qum8v7XSxxQ9aLpA2ULPWgWSyh6orn9ZCaUSA4iQCA==",
      "requires": {
        "@types/gapi": "*"
      }
    },
    "@types/gapi.client": {
      "version": "1.0.5",
      "resolved": "https://registry.npmjs.org/@types/gapi.client/-/gapi.client-1.0.5.tgz",
      "integrity": "sha512-OTpbBMuzfC4lkvaomxqskI/iWRGW3zOZbDXZLNSyiuswTiSSGgILRLkg0POuZ4EgzEdaYaTlXpnXiCp07ri/Yw=="
    },
    "@types/gapi.client.gmail": {
      "version": "1.0.3",
      "resolved": "https://registry.npmjs.org/@types/gapi.client.gmail/-/gapi.client.gmail-1.0.3.tgz",
      "integrity": "sha512-dN4Q21fhsGW0oLW/6EOhfwtVvF+eLaXcHctLdGMvKPtGBXm7HT2T2U0XQnayH7OIEUDL50aZ8TqZAHau+a6Afw==",
      "dev": true,
      "requires": {
        "@maxim_mazurok/gapi.client.gmail": "^1.0.20210830"
      }
    }
  }
}
